
Microsoft Visual Studio Solution File, Format Version 12.00
# Visual Studio Version 17
VisualStudioVersion = 17.14.36221.1 d17.14
MinimumVisualStudioVersion = 10.0.40219.1
Project("{FAE04EC0-301F-11D3-BF4B-00C04F79EFBC}") = "Assign02", "Assign02\Assign02.csproj", "{57BBD016-90E4-42B8-B128-863538C4DB23}"
EndProject
Global
	GlobalSection(SolutionConfigurationPlatforms) = preSolution
		Debug|Any CPU = Debug|Any CPU
		Release|Any CPU = Release|Any CPU
	EndGlobalSection
	GlobalSection(ProjectConfigurationPlatforms) = postSolution
		{57BBD016-90E4-42B8-B128-863538C4DB23}.Debug|Any CPU.ActiveCfg = Debug|Any CPU
		{57BBD016-90E4-42B8-B128-863538C4DB23}.Debug|Any CPU.Build.0 = Debug|Any CPU
		{57BBD016-90E4-42B8-B128-863538C4DB23}.Release|Any CPU.ActiveCfg = Release|Any CPU
		{57BBD016-90E4-42B8-B128-863538C4DB23}.Release|Any CPU.Build.0 = Release|Any CPU
	EndGlobalSection
	GlobalSection(SolutionProperties) = preSolution
		HideSolutionNode = FALSE
	EndGlobalSection
	GlobalSection(ExtensibilityGlobals) = postSolution
		SolutionGuid = {713B2F32-2FDF-4191-AAF9-F6F72B40ACEE}
	EndGlobalSection
EndGlobal
